
Microsoft Visual Studio Solution File, Format Version 12.00
# Visual Studio Version 17
VisualStudioVersion = 17.2.32526.322
MinimumVisualStudioVersion = 10.0.40219.1
Project("{9A19103F-16F7-4668-BE54-9A1E7A4F7556}") = "ProjectManager", "ProjectManager\ProjectManager.csproj", "{3D29F317-1258-41BD-A0A3-4B976C6B3F93}"
EndProject
Project("{9A19103F-16F7-4668-BE54-9A1E7A4F7556}") = "CommonDataModels", "submodules\ServicesClient\src\CommonDataModels\CommonDataModels.csproj", "{AC941FA1-FC12-4416-A8BE-FDC4486245D4}"
EndProject
Project("{9A19103F-16F7-4668-BE54-9A1E7A4F7556}") = "PostgresqlMigrations", "PostgresqlMigrations\PostgresqlMigrations.csproj", "{00115654-252A-49B5-BCB0-54B249E4FD6B}"
EndProject
Project("{9A19103F-16F7-4668-BE54-9A1E7A4F7556}") = "ProjectManagerContext", "ProjectManagerContext\ProjectManagerContext.csproj", "{6F2971A3-0241-42FA-95D1-36CCAD17F0DE}"
EndProject
Project("{2150E333-8FDC-42A3-9474-1A3956D46DE8}") = "Native", "Native", "{1FFFF9A4-11AD-492C-8119-CDC5D7E091EE}"
EndProject
Project("{9A19103F-16F7-4668-BE54-9A1E7A4F7556}") = "ProjectManager.Wpf", "ProjectManager.Wpf\ProjectManager.Wpf.csproj", "{C295ED98-AC93-486D-8DE4-34154E52DB80}"
EndProject
Project("{C7167F0D-BC9F-4E6E-AFE1-012C56B48DB5}") = "JPPProjectManager", "JPPProjectManager\JPPProjectManager.wapproj", "{44814D40-8ED6-4609-A840-F792EC97ED87}"
EndProject
Project("{9A19103F-16F7-4668-BE54-9A1E7A4F7556}") = "NativeBindings", "NativeBindings\NativeBindings.csproj", "{4ABD0661-F8FD-46FC-BA73-DEFED2302073}"
EndProject
Project("{9A19103F-16F7-4668-BE54-9A1E7A4F7556}") = "ProjectDocuments", "ProjectDocuments\ProjectDocuments.csproj", "{03E4156C-8F07-4962-BDE2-27AC31F9E6A5}"
EndProject
Project("{FAE04EC0-301F-11D3-BF4B-00C04F79EFBC}") = "CommonDataServices", "submodules\ServicesClient\src\CommonDataServices\CommonDataServices.csproj", "{A501F4C4-67D4-4950-B543-CA999FC199B7}"
EndProject
Global
	GlobalSection(SolutionConfigurationPlatforms) = preSolution
		Debug|Any CPU = Debug|Any CPU
		Debug|ARM = Debug|ARM
		Debug|ARM64 = Debug|ARM64
		Debug|x64 = Debug|x64
		Debug|x86 = Debug|x86
		Release|Any CPU = Release|Any CPU
		Release|ARM = Release|ARM
		Release|ARM64 = Release|ARM64
		Release|x64 = Release|x64
		Release|x86 = Release|x86
		ReleaseNative|Any CPU = ReleaseNative|Any CPU
		ReleaseNative|ARM = ReleaseNative|ARM
		ReleaseNative|ARM64 = ReleaseNative|ARM64
		ReleaseNative|x64 = ReleaseNative|x64
		ReleaseNative|x86 = ReleaseNative|x86
	EndGlobalSection
	GlobalSection(ProjectConfigurationPlatforms) = postSolution
		{3D29F317-1258-41BD-A0A3-4B976C6B3F93}.Debug|Any CPU.ActiveCfg = Debug|Any CPU
		{3D29F317-1258-41BD-A0A3-4B976C6B3F93}.Debug|Any CPU.Build.0 = Debug|Any CPU
		{3D29F317-1258-41BD-A0A3-4B976C6B3F93}.Debug|ARM.ActiveCfg = Debug|Any CPU
		{3D29F317-1258-41BD-A0A3-4B976C6B3F93}.Debug|ARM.Build.0 = Debug|Any CPU
		{3D29F317-1258-41BD-A0A3-4B976C6B3F93}.Debug|ARM64.ActiveCfg = Debug|Any CPU
		{3D29F317-1258-41BD-A0A3-4B976C6B3F93}.Debug|ARM64.Build.0 = Debug|Any CPU
		{3D29F317-1258-41BD-A0A3-4B976C6B3F93}.Debug|x64.ActiveCfg = Debug|Any CPU
		{3D29F317-1258-41BD-A0A3-4B976C6B3F93}.Debug|x64.Build.0 = Debug|Any CPU
		{3D29F317-1258-41BD-A0A3-4B976C6B3F93}.Debug|x86.ActiveCfg = Debug|Any CPU
		{3D29F317-1258-41BD-A0A3-4B976C6B3F93}.Debug|x86.Build.0 = Debug|Any CPU
		{3D29F317-1258-41BD-A0A3-4B976C6B3F93}.Release|Any CPU.ActiveCfg = Release|Any CPU
		{3D29F317-1258-41BD-A0A3-4B976C6B3F93}.Release|Any CPU.Build.0 = Release|Any CPU
		{3D29F317-1258-41BD-A0A3-4B976C6B3F93}.Release|ARM.ActiveCfg = Release|Any CPU
		{3D29F317-1258-41BD-A0A3-4B976C6B3F93}.Release|ARM.Build.0 = Release|Any CPU
		{3D29F317-1258-41BD-A0A3-4B976C6B3F93}.Release|ARM64.ActiveCfg = Release|Any CPU
		{3D29F317-1258-41BD-A0A3-4B976C6B3F93}.Release|ARM64.Build.0 = Release|Any CPU
		{3D29F317-1258-41BD-A0A3-4B976C6B3F93}.Release|x64.ActiveCfg = Release|Any CPU
		{3D29F317-1258-41BD-A0A3-4B976C6B3F93}.Release|x64.Build.0 = Release|Any CPU
		{3D29F317-1258-41BD-A0A3-4B976C6B3F93}.Release|x86.ActiveCfg = Release|Any CPU
		{3D29F317-1258-41BD-A0A3-4B976C6B3F93}.Release|x86.Build.0 = Release|Any CPU
		{3D29F317-1258-41BD-A0A3-4B976C6B3F93}.ReleaseNative|Any CPU.ActiveCfg = Release|Any CPU
		{3D29F317-1258-41BD-A0A3-4B976C6B3F93}.ReleaseNative|ARM.ActiveCfg = ReleaseNative|Any CPU
		{3D29F317-1258-41BD-A0A3-4B976C6B3F93}.ReleaseNative|ARM.Build.0 = ReleaseNative|Any CPU
		{3D29F317-1258-41BD-A0A3-4B976C6B3F93}.ReleaseNative|ARM64.ActiveCfg = ReleaseNative|Any CPU
		{3D29F317-1258-41BD-A0A3-4B976C6B3F93}.ReleaseNative|ARM64.Build.0 = ReleaseNative|Any CPU
		{3D29F317-1258-41BD-A0A3-4B976C6B3F93}.ReleaseNative|x64.ActiveCfg = Release|Any CPU
		{3D29F317-1258-41BD-A0A3-4B976C6B3F93}.ReleaseNative|x64.Build.0 = Release|Any CPU
		{3D29F317-1258-41BD-A0A3-4B976C6B3F93}.ReleaseNative|x86.ActiveCfg = ReleaseNative|Any CPU
		{3D29F317-1258-41BD-A0A3-4B976C6B3F93}.ReleaseNative|x86.Build.0 = ReleaseNative|Any CPU
		{AC941FA1-FC12-4416-A8BE-FDC4486245D4}.Debug|Any CPU.ActiveCfg = Debug|Any CPU
		{AC941FA1-FC12-4416-A8BE-FDC4486245D4}.Debug|Any CPU.Build.0 = Debug|Any CPU
		{AC941FA1-FC12-4416-A8BE-FDC4486245D4}.Debug|ARM.ActiveCfg = Debug|Any CPU
		{AC941FA1-FC12-4416-A8BE-FDC4486245D4}.Debug|ARM.Build.0 = Debug|Any CPU
		{AC941FA1-FC12-4416-A8BE-FDC4486245D4}.Debug|ARM64.ActiveCfg = Debug|Any CPU
		{AC941FA1-FC12-4416-A8BE-FDC4486245D4}.Debug|ARM64.Build.0 = Debug|Any CPU
		{AC941FA1-FC12-4416-A8BE-FDC4486245D4}.Debug|x64.ActiveCfg = Debug|Any CPU
		{AC941FA1-FC12-4416-A8BE-FDC4486245D4}.Debug|x64.Build.0 = Debug|Any CPU
		{AC941FA1-FC12-4416-A8BE-FDC4486245D4}.Debug|x86.ActiveCfg = Debug|Any CPU
		{AC941FA1-FC12-4416-A8BE-FDC4486245D4}.Debug|x86.Build.0 = Debug|Any CPU
		{AC941FA1-FC12-4416-A8BE-FDC4486245D4}.Release|Any CPU.ActiveCfg = Release|Any CPU
		{AC941FA1-FC12-4416-A8BE-FDC4486245D4}.Release|Any CPU.Build.0 = Release|Any CPU
		{AC941FA1-FC12-4416-A8BE-FDC4486245D4}.Release|ARM.ActiveCfg = Release|Any CPU
		{AC941FA1-FC12-4416-A8BE-FDC4486245D4}.Release|ARM.Build.0 = Release|Any CPU
		{AC941FA1-FC12-4416-A8BE-FDC4486245D4}.Release|ARM64.ActiveCfg = Release|Any CPU
		{AC941FA1-FC12-4416-A8BE-FDC4486245D4}.Release|ARM64.Build.0 = Release|Any CPU
		{AC941FA1-FC12-4416-A8BE-FDC4486245D4}.Release|x64.ActiveCfg = Release|Any CPU
		{AC941FA1-FC12-4416-A8BE-FDC4486245D4}.Release|x64.Build.0 = Release|Any CPU
		{AC941FA1-FC12-4416-A8BE-FDC4486245D4}.Release|x86.ActiveCfg = Release|Any CPU
		{AC941FA1-FC12-4416-A8BE-FDC4486245D4}.Release|x86.Build.0 = Release|Any CPU
		{AC941FA1-FC12-4416-A8BE-FDC4486245D4}.ReleaseNative|Any CPU.ActiveCfg = Release|Any CPU
		{AC941FA1-FC12-4416-A8BE-FDC4486245D4}.ReleaseNative|ARM.ActiveCfg = ReleaseNative|Any CPU
		{AC941FA1-FC12-4416-A8BE-FDC4486245D4}.ReleaseNative|ARM.Build.0 = ReleaseNative|Any CPU
		{AC941FA1-FC12-4416-A8BE-FDC4486245D4}.ReleaseNative|ARM64.ActiveCfg = ReleaseNative|Any CPU
		{AC941FA1-FC12-4416-A8BE-FDC4486245D4}.ReleaseNative|ARM64.Build.0 = ReleaseNative|Any CPU
		{AC941FA1-FC12-4416-A8BE-FDC4486245D4}.ReleaseNative|x64.ActiveCfg = Release|Any CPU
		{AC941FA1-FC12-4416-A8BE-FDC4486245D4}.ReleaseNative|x64.Build.0 = Release|Any CPU
		{AC941FA1-FC12-4416-A8BE-FDC4486245D4}.ReleaseNative|x86.ActiveCfg = ReleaseNative|Any CPU
		{AC941FA1-FC12-4416-A8BE-FDC4486245D4}.ReleaseNative|x86.Build.0 = ReleaseNative|Any CPU
		{00115654-252A-49B5-BCB0-54B249E4FD6B}.Debug|Any CPU.ActiveCfg = Debug|Any CPU
		{00115654-252A-49B5-BCB0-54B249E4FD6B}.Debug|Any CPU.Build.0 = Debug|Any CPU
		{00115654-252A-49B5-BCB0-54B249E4FD6B}.Debug|ARM.ActiveCfg = Debug|Any CPU
		{00115654-252A-49B5-BCB0-54B249E4FD6B}.Debug|ARM.Build.0 = Debug|Any CPU
		{00115654-252A-49B5-BCB0-54B249E4FD6B}.Debug|ARM64.ActiveCfg = Debug|Any CPU
		{00115654-252A-49B5-BCB0-54B249E4FD6B}.Debug|ARM64.Build.0 = Debug|Any CPU
		{00115654-252A-49B5-BCB0-54B249E4FD6B}.Debug|x64.ActiveCfg = Debug|Any CPU
		{00115654-252A-49B5-BCB0-54B249E4FD6B}.Debug|x64.Build.0 = Debug|Any CPU
		{00115654-252A-49B5-BCB0-54B249E4FD6B}.Debug|x86.ActiveCfg = Debug|Any CPU
		{00115654-252A-49B5-BCB0-54B249E4FD6B}.Debug|x86.Build.0 = Debug|Any CPU
		{00115654-252A-49B5-BCB0-54B249E4FD6B}.Release|Any CPU.ActiveCfg = Release|Any CPU
		{00115654-252A-49B5-BCB0-54B249E4FD6B}.Release|Any CPU.Build.0 = Release|Any CPU
		{00115654-252A-49B5-BCB0-54B249E4FD6B}.Release|ARM.ActiveCfg = Release|Any CPU
		{00115654-252A-49B5-BCB0-54B249E4FD6B}.Release|ARM.Build.0 = Release|Any CPU
		{00115654-252A-49B5-BCB0-54B249E4FD6B}.Release|ARM64.ActiveCfg = Release|Any CPU
		{00115654-252A-49B5-BCB0-54B249E4FD6B}.Release|ARM64.Build.0 = Release|Any CPU
		{00115654-252A-49B5-BCB0-54B249E4FD6B}.Release|x64.ActiveCfg = Release|Any CPU
		{00115654-252A-49B5-BCB0-54B249E4FD6B}.Release|x64.Build.0 = Release|Any CPU
		{00115654-252A-49B5-BCB0-54B249E4FD6B}.Release|x86.ActiveCfg = Release|Any CPU
		{00115654-252A-49B5-BCB0-54B249E4FD6B}.Release|x86.Build.0 = Release|Any CPU
		{00115654-252A-49B5-BCB0-54B249E4FD6B}.ReleaseNative|Any CPU.ActiveCfg = Release|Any CPU
		{00115654-252A-49B5-BCB0-54B249E4FD6B}.ReleaseNative|ARM.ActiveCfg = ReleaseNative|Any CPU
		{00115654-252A-49B5-BCB0-54B249E4FD6B}.ReleaseNative|ARM.Build.0 = ReleaseNative|Any CPU
		{00115654-252A-49B5-BCB0-54B249E4FD6B}.ReleaseNative|ARM64.ActiveCfg = ReleaseNative|Any CPU
		{00115654-252A-49B5-BCB0-54B249E4FD6B}.ReleaseNative|ARM64.Build.0 = ReleaseNative|Any CPU
		{00115654-252A-49B5-BCB0-54B249E4FD6B}.ReleaseNative|x64.ActiveCfg = Release|Any CPU
		{00115654-252A-49B5-BCB0-54B249E4FD6B}.ReleaseNative|x64.Build.0 = Release|Any CPU
		{00115654-252A-49B5-BCB0-54B249E4FD6B}.ReleaseNative|x86.ActiveCfg = ReleaseNative|Any CPU
		{00115654-252A-49B5-BCB0-54B249E4FD6B}.ReleaseNative|x86.Build.0 = ReleaseNative|Any CPU
		{6F2971A3-0241-42FA-95D1-36CCAD17F0DE}.Debug|Any CPU.ActiveCfg = Debug|Any CPU
		{6F2971A3-0241-42FA-95D1-36CCAD17F0DE}.Debug|Any CPU.Build.0 = Debug|Any CPU
		{6F2971A3-0241-42FA-95D1-36CCAD17F0DE}.Debug|ARM.ActiveCfg = Debug|Any CPU
		{6F2971A3-0241-42FA-95D1-36CCAD17F0DE}.Debug|ARM.Build.0 = Debug|Any CPU
		{6F2971A3-0241-42FA-95D1-36CCAD17F0DE}.Debug|ARM64.ActiveCfg = Debug|Any CPU
		{6F2971A3-0241-42FA-95D1-36CCAD17F0DE}.Debug|ARM64.Build.0 = Debug|Any CPU
		{6F2971A3-0241-42FA-95D1-36CCAD17F0DE}.Debug|x64.ActiveCfg = Debug|Any CPU
		{6F2971A3-0241-42FA-95D1-36CCAD17F0DE}.Debug|x64.Build.0 = Debug|Any CPU
		{6F2971A3-0241-42FA-95D1-36CCAD17F0DE}.Debug|x86.ActiveCfg = Debug|Any CPU
		{6F2971A3-0241-42FA-95D1-36CCAD17F0DE}.Debug|x86.Build.0 = Debug|Any CPU
		{6F2971A3-0241-42FA-95D1-36CCAD17F0DE}.Release|Any CPU.ActiveCfg = Release|Any CPU
		{6F2971A3-0241-42FA-95D1-36CCAD17F0DE}.Release|Any CPU.Build.0 = Release|Any CPU
		{6F2971A3-0241-42FA-95D1-36CCAD17F0DE}.Release|ARM.ActiveCfg = Release|Any CPU
		{6F2971A3-0241-42FA-95D1-36CCAD17F0DE}.Release|ARM.Build.0 = Release|Any CPU
		{6F2971A3-0241-42FA-95D1-36CCAD17F0DE}.Release|ARM64.ActiveCfg = Release|Any CPU
		{6F2971A3-0241-42FA-95D1-36CCAD17F0DE}.Release|ARM64.Build.0 = Release|Any CPU
		{6F2971A3-0241-42FA-95D1-36CCAD17F0DE}.Release|x64.ActiveCfg = Release|Any CPU
		{6F2971A3-0241-42FA-95D1-36CCAD17F0DE}.Release|x64.Build.0 = Release|Any CPU
		{6F2971A3-0241-42FA-95D1-36CCAD17F0DE}.Release|x86.ActiveCfg = Release|Any CPU
		{6F2971A3-0241-42FA-95D1-36CCAD17F0DE}.Release|x86.Build.0 = Release|Any CPU
		{6F2971A3-0241-42FA-95D1-36CCAD17F0DE}.ReleaseNative|Any CPU.ActiveCfg = Release|Any CPU
		{6F2971A3-0241-42FA-95D1-36CCAD17F0DE}.ReleaseNative|ARM.ActiveCfg = ReleaseNative|Any CPU
		{6F2971A3-0241-42FA-95D1-36CCAD17F0DE}.ReleaseNative|ARM.Build.0 = ReleaseNative|Any CPU
		{6F2971A3-0241-42FA-95D1-36CCAD17F0DE}.ReleaseNative|ARM64.ActiveCfg = ReleaseNative|Any CPU
		{6F2971A3-0241-42FA-95D1-36CCAD17F0DE}.ReleaseNative|ARM64.Build.0 = ReleaseNative|Any CPU
		{6F2971A3-0241-42FA-95D1-36CCAD17F0DE}.ReleaseNative|x64.ActiveCfg = Release|Any CPU
		{6F2971A3-0241-42FA-95D1-36CCAD17F0DE}.ReleaseNative|x64.Build.0 = Release|Any CPU
		{6F2971A3-0241-42FA-95D1-36CCAD17F0DE}.ReleaseNative|x86.ActiveCfg = ReleaseNative|Any CPU
		{6F2971A3-0241-42FA-95D1-36CCAD17F0DE}.ReleaseNative|x86.Build.0 = ReleaseNative|Any CPU
		{C295ED98-AC93-486D-8DE4-34154E52DB80}.Debug|Any CPU.ActiveCfg = Debug|Any CPU
		{C295ED98-AC93-486D-8DE4-34154E52DB80}.Debug|Any CPU.Build.0 = Debug|Any CPU
		{C295ED98-AC93-486D-8DE4-34154E52DB80}.Debug|ARM.ActiveCfg = Debug|Any CPU
		{C295ED98-AC93-486D-8DE4-34154E52DB80}.Debug|ARM.Build.0 = Debug|Any CPU
		{C295ED98-AC93-486D-8DE4-34154E52DB80}.Debug|ARM64.ActiveCfg = Debug|Any CPU
		{C295ED98-AC93-486D-8DE4-34154E52DB80}.Debug|ARM64.Build.0 = Debug|Any CPU
		{C295ED98-AC93-486D-8DE4-34154E52DB80}.Debug|x64.ActiveCfg = Debug|Any CPU
		{C295ED98-AC93-486D-8DE4-34154E52DB80}.Debug|x64.Build.0 = Debug|Any CPU
		{C295ED98-AC93-486D-8DE4-34154E52DB80}.Debug|x86.ActiveCfg = Debug|Any CPU
		{C295ED98-AC93-486D-8DE4-34154E52DB80}.Debug|x86.Build.0 = Debug|Any CPU
		{C295ED98-AC93-486D-8DE4-34154E52DB80}.Release|Any CPU.ActiveCfg = Release|Any CPU
		{C295ED98-AC93-486D-8DE4-34154E52DB80}.Release|Any CPU.Build.0 = Release|Any CPU
		{C295ED98-AC93-486D-8DE4-34154E52DB80}.Release|ARM.ActiveCfg = Release|Any CPU
		{C295ED98-AC93-486D-8DE4-34154E52DB80}.Release|ARM.Build.0 = Release|Any CPU
		{C295ED98-AC93-486D-8DE4-34154E52DB80}.Release|ARM64.ActiveCfg = Release|Any CPU
		{C295ED98-AC93-486D-8DE4-34154E52DB80}.Release|ARM64.Build.0 = Release|Any CPU
		{C295ED98-AC93-486D-8DE4-34154E52DB80}.Release|x64.ActiveCfg = Release|Any CPU
		{C295ED98-AC93-486D-8DE4-34154E52DB80}.Release|x64.Build.0 = Release|Any CPU
		{C295ED98-AC93-486D-8DE4-34154E52DB80}.Release|x86.ActiveCfg = Release|Any CPU
		{C295ED98-AC93-486D-8DE4-34154E52DB80}.Release|x86.Build.0 = Release|Any CPU
		{C295ED98-AC93-486D-8DE4-34154E52DB80}.ReleaseNative|Any CPU.ActiveCfg = Release|Any CPU
		{C295ED98-AC93-486D-8DE4-34154E52DB80}.ReleaseNative|ARM.ActiveCfg = ReleaseNative|Any CPU
		{C295ED98-AC93-486D-8DE4-34154E52DB80}.ReleaseNative|ARM.Build.0 = ReleaseNative|Any CPU
		{C295ED98-AC93-486D-8DE4-34154E52DB80}.ReleaseNative|ARM64.ActiveCfg = ReleaseNative|Any CPU
		{C295ED98-AC93-486D-8DE4-34154E52DB80}.ReleaseNative|ARM64.Build.0 = ReleaseNative|Any CPU
		{C295ED98-AC93-486D-8DE4-34154E52DB80}.ReleaseNative|x64.ActiveCfg = Release|Any CPU
		{C295ED98-AC93-486D-8DE4-34154E52DB80}.ReleaseNative|x64.Build.0 = Release|Any CPU
		{C295ED98-AC93-486D-8DE4-34154E52DB80}.ReleaseNative|x86.ActiveCfg = ReleaseNative|Any CPU
		{C295ED98-AC93-486D-8DE4-34154E52DB80}.ReleaseNative|x86.Build.0 = ReleaseNative|Any CPU
		{44814D40-8ED6-4609-A840-F792EC97ED87}.Debug|Any CPU.ActiveCfg = Debug|Any CPU
		{44814D40-8ED6-4609-A840-F792EC97ED87}.Debug|Any CPU.Build.0 = Debug|Any CPU
		{44814D40-8ED6-4609-A840-F792EC97ED87}.Debug|Any CPU.Deploy.0 = Debug|Any CPU
		{44814D40-8ED6-4609-A840-F792EC97ED87}.Debug|ARM.ActiveCfg = Debug|ARM
		{44814D40-8ED6-4609-A840-F792EC97ED87}.Debug|ARM.Build.0 = Debug|ARM
		{44814D40-8ED6-4609-A840-F792EC97ED87}.Debug|ARM.Deploy.0 = Debug|ARM
		{44814D40-8ED6-4609-A840-F792EC97ED87}.Debug|ARM64.ActiveCfg = Debug|ARM64
		{44814D40-8ED6-4609-A840-F792EC97ED87}.Debug|ARM64.Build.0 = Debug|ARM64
		{44814D40-8ED6-4609-A840-F792EC97ED87}.Debug|ARM64.Deploy.0 = Debug|ARM64
		{44814D40-8ED6-4609-A840-F792EC97ED87}.Debug|x64.ActiveCfg = Debug|x64
		{44814D40-8ED6-4609-A840-F792EC97ED87}.Debug|x64.Build.0 = Debug|x64
		{44814D40-8ED6-4609-A840-F792EC97ED87}.Debug|x64.Deploy.0 = Debug|x64
		{44814D40-8ED6-4609-A840-F792EC97ED87}.Debug|x86.ActiveCfg = Debug|x86
		{44814D40-8ED6-4609-A840-F792EC97ED87}.Debug|x86.Build.0 = Debug|x86
		{44814D40-8ED6-4609-A840-F792EC97ED87}.Debug|x86.Deploy.0 = Debug|x86
		{44814D40-8ED6-4609-A840-F792EC97ED87}.Release|Any CPU.ActiveCfg = Release|Any CPU
		{44814D40-8ED6-4609-A840-F792EC97ED87}.Release|Any CPU.Build.0 = Release|Any CPU
		{44814D40-8ED6-4609-A840-F792EC97ED87}.Release|Any CPU.Deploy.0 = Release|Any CPU
		{44814D40-8ED6-4609-A840-F792EC97ED87}.Release|ARM.ActiveCfg = Release|ARM
		{44814D40-8ED6-4609-A840-F792EC97ED87}.Release|ARM.Build.0 = Release|ARM
		{44814D40-8ED6-4609-A840-F792EC97ED87}.Release|ARM.Deploy.0 = Release|ARM
		{44814D40-8ED6-4609-A840-F792EC97ED87}.Release|ARM64.ActiveCfg = Release|ARM64
		{44814D40-8ED6-4609-A840-F792EC97ED87}.Release|ARM64.Build.0 = Release|ARM64
		{44814D40-8ED6-4609-A840-F792EC97ED87}.Release|ARM64.Deploy.0 = Release|ARM64
		{44814D40-8ED6-4609-A840-F792EC97ED87}.Release|x64.ActiveCfg = Release|x64
		{44814D40-8ED6-4609-A840-F792EC97ED87}.Release|x64.Build.0 = Release|x64
		{44814D40-8ED6-4609-A840-F792EC97ED87}.Release|x64.Deploy.0 = Release|x64
		{44814D40-8ED6-4609-A840-F792EC97ED87}.Release|x86.ActiveCfg = Release|x86
		{44814D40-8ED6-4609-A840-F792EC97ED87}.Release|x86.Build.0 = Release|x86
		{44814D40-8ED6-4609-A840-F792EC97ED87}.Release|x86.Deploy.0 = Release|x86
		{44814D40-8ED6-4609-A840-F792EC97ED87}.ReleaseNative|Any CPU.ActiveCfg = Release|Any CPU
		{44814D40-8ED6-4609-A840-F792EC97ED87}.ReleaseNative|Any CPU.Build.0 = Release|Any CPU
		{44814D40-8ED6-4609-A840-F792EC97ED87}.ReleaseNative|Any CPU.Deploy.0 = Release|Any CPU
		{44814D40-8ED6-4609-A840-F792EC97ED87}.ReleaseNative|ARM.ActiveCfg = ReleaseNative|ARM
		{44814D40-8ED6-4609-A840-F792EC97ED87}.ReleaseNative|ARM.Build.0 = ReleaseNative|ARM
		{44814D40-8ED6-4609-A840-F792EC97ED87}.ReleaseNative|ARM.Deploy.0 = ReleaseNative|ARM
		{44814D40-8ED6-4609-A840-F792EC97ED87}.ReleaseNative|ARM64.ActiveCfg = ReleaseNative|ARM64
		{44814D40-8ED6-4609-A840-F792EC97ED87}.ReleaseNative|ARM64.Build.0 = ReleaseNative|ARM64
		{44814D40-8ED6-4609-A840-F792EC97ED87}.ReleaseNative|ARM64.Deploy.0 = ReleaseNative|ARM64
		{44814D40-8ED6-4609-A840-F792EC97ED87}.ReleaseNative|x64.ActiveCfg = Release|x64
		{44814D40-8ED6-4609-A840-F792EC97ED87}.ReleaseNative|x64.Build.0 = Release|x64
		{44814D40-8ED6-4609-A840-F792EC97ED87}.ReleaseNative|x64.Deploy.0 = Release|x64
		{44814D40-8ED6-4609-A840-F792EC97ED87}.ReleaseNative|x86.ActiveCfg = ReleaseNative|x86
		{44814D40-8ED6-4609-A840-F792EC97ED87}.ReleaseNative|x86.Build.0 = ReleaseNative|x86
		{44814D40-8ED6-4609-A840-F792EC97ED87}.ReleaseNative|x86.Deploy.0 = ReleaseNative|x86
		{4ABD0661-F8FD-46FC-BA73-DEFED2302073}.Debug|Any CPU.ActiveCfg = Debug|Any CPU
		{4ABD0661-F8FD-46FC-BA73-DEFED2302073}.Debug|Any CPU.Build.0 = Debug|Any CPU
		{4ABD0661-F8FD-46FC-BA73-DEFED2302073}.Debug|ARM.ActiveCfg = Debug|Any CPU
		{4ABD0661-F8FD-46FC-BA73-DEFED2302073}.Debug|ARM.Build.0 = Debug|Any CPU
		{4ABD0661-F8FD-46FC-BA73-DEFED2302073}.Debug|ARM64.ActiveCfg = Debug|Any CPU
		{4ABD0661-F8FD-46FC-BA73-DEFED2302073}.Debug|ARM64.Build.0 = Debug|Any CPU
		{4ABD0661-F8FD-46FC-BA73-DEFED2302073}.Debug|x64.ActiveCfg = Debug|Any CPU
		{4ABD0661-F8FD-46FC-BA73-DEFED2302073}.Debug|x64.Build.0 = Debug|Any CPU
		{4ABD0661-F8FD-46FC-BA73-DEFED2302073}.Debug|x86.ActiveCfg = Debug|Any CPU
		{4ABD0661-F8FD-46FC-BA73-DEFED2302073}.Debug|x86.Build.0 = Debug|Any CPU
		{4ABD0661-F8FD-46FC-BA73-DEFED2302073}.Release|Any CPU.ActiveCfg = Release|Any CPU
		{4ABD0661-F8FD-46FC-BA73-DEFED2302073}.Release|Any CPU.Build.0 = Release|Any CPU
		{4ABD0661-F8FD-46FC-BA73-DEFED2302073}.Release|ARM.ActiveCfg = Release|Any CPU
		{4ABD0661-F8FD-46FC-BA73-DEFED2302073}.Release|ARM.Build.0 = Release|Any CPU
		{4ABD0661-F8FD-46FC-BA73-DEFED2302073}.Release|ARM64.ActiveCfg = Release|Any CPU
		{4ABD0661-F8FD-46FC-BA73-DEFED2302073}.Release|ARM64.Build.0 = Release|Any CPU
		{4ABD0661-F8FD-46FC-BA73-DEFED2302073}.Release|x64.ActiveCfg = Release|Any CPU
		{4ABD0661-F8FD-46FC-BA73-DEFED2302073}.Release|x64.Build.0 = Release|Any CPU
		{4ABD0661-F8FD-46FC-BA73-DEFED2302073}.Release|x86.ActiveCfg = Release|Any CPU
		{4ABD0661-F8FD-46FC-BA73-DEFED2302073}.Release|x86.Build.0 = Release|Any CPU
		{4ABD0661-F8FD-46FC-BA73-DEFED2302073}.ReleaseNative|Any CPU.ActiveCfg = Release|Any CPU
		{4ABD0661-F8FD-46FC-BA73-DEFED2302073}.ReleaseNative|ARM.ActiveCfg = ReleaseNative|Any CPU
		{4ABD0661-F8FD-46FC-BA73-DEFED2302073}.ReleaseNative|ARM.Build.0 = ReleaseNative|Any CPU
		{4ABD0661-F8FD-46FC-BA73-DEFED2302073}.ReleaseNative|ARM64.ActiveCfg = ReleaseNative|Any CPU
		{4ABD0661-F8FD-46FC-BA73-DEFED2302073}.ReleaseNative|ARM64.Build.0 = ReleaseNative|Any CPU
		{4ABD0661-F8FD-46FC-BA73-DEFED2302073}.ReleaseNative|x64.ActiveCfg = Release|Any CPU
		{4ABD0661-F8FD-46FC-BA73-DEFED2302073}.ReleaseNative|x64.Build.0 = Release|Any CPU
		{4ABD0661-F8FD-46FC-BA73-DEFED2302073}.ReleaseNative|x86.ActiveCfg = ReleaseNative|Any CPU
		{4ABD0661-F8FD-46FC-BA73-DEFED2302073}.ReleaseNative|x86.Build.0 = ReleaseNative|Any CPU
		{03E4156C-8F07-4962-BDE2-27AC31F9E6A5}.Debug|Any CPU.ActiveCfg = Debug|Any CPU
		{03E4156C-8F07-4962-BDE2-27AC31F9E6A5}.Debug|Any CPU.Build.0 = Debug|Any CPU
		{03E4156C-8F07-4962-BDE2-27AC31F9E6A5}.Debug|ARM.ActiveCfg = Debug|Any CPU
		{03E4156C-8F07-4962-BDE2-27AC31F9E6A5}.Debug|ARM.Build.0 = Debug|Any CPU
		{03E4156C-8F07-4962-BDE2-27AC31F9E6A5}.Debug|ARM64.ActiveCfg = Debug|Any CPU
		{03E4156C-8F07-4962-BDE2-27AC31F9E6A5}.Debug|ARM64.Build.0 = Debug|Any CPU
		{03E4156C-8F07-4962-BDE2-27AC31F9E6A5}.Debug|x64.ActiveCfg = Debug|Any CPU
		{03E4156C-8F07-4962-BDE2-27AC31F9E6A5}.Debug|x64.Build.0 = Debug|Any CPU
		{03E4156C-8F07-4962-BDE2-27AC31F9E6A5}.Debug|x86.ActiveCfg = Debug|Any CPU
		{03E4156C-8F07-4962-BDE2-27AC31F9E6A5}.Debug|x86.Build.0 = Debug|Any CPU
		{03E4156C-8F07-4962-BDE2-27AC31F9E6A5}.Release|Any CPU.ActiveCfg = Release|Any CPU
		{03E4156C-8F07-4962-BDE2-27AC31F9E6A5}.Release|Any CPU.Build.0 = Release|Any CPU
		{03E4156C-8F07-4962-BDE2-27AC31F9E6A5}.Release|ARM.ActiveCfg = Release|Any CPU
		{03E4156C-8F07-4962-BDE2-27AC31F9E6A5}.Release|ARM.Build.0 = Release|Any CPU
		{03E4156C-8F07-4962-BDE2-27AC31F9E6A5}.Release|ARM64.ActiveCfg = Release|Any CPU
		{03E4156C-8F07-4962-BDE2-27AC31F9E6A5}.Release|ARM64.Build.0 = Release|Any CPU
		{03E4156C-8F07-4962-BDE2-27AC31F9E6A5}.Release|x64.ActiveCfg = Release|Any CPU
		{03E4156C-8F07-4962-BDE2-27AC31F9E6A5}.Release|x64.Build.0 = Release|Any CPU
		{03E4156C-8F07-4962-BDE2-27AC31F9E6A5}.Release|x86.ActiveCfg = Release|Any CPU
		{03E4156C-8F07-4962-BDE2-27AC31F9E6A5}.Release|x86.Build.0 = Release|Any CPU
		{03E4156C-8F07-4962-BDE2-27AC31F9E6A5}.ReleaseNative|Any CPU.ActiveCfg = Release|Any CPU
		{03E4156C-8F07-4962-BDE2-27AC31F9E6A5}.ReleaseNative|ARM.ActiveCfg = ReleaseNative|Any CPU
		{03E4156C-8F07-4962-BDE2-27AC31F9E6A5}.ReleaseNative|ARM.Build.0 = ReleaseNative|Any CPU
		{03E4156C-8F07-4962-BDE2-27AC31F9E6A5}.ReleaseNative|ARM64.ActiveCfg = ReleaseNative|Any CPU
		{03E4156C-8F07-4962-BDE2-27AC31F9E6A5}.ReleaseNative|ARM64.Build.0 = ReleaseNative|Any CPU
		{03E4156C-8F07-4962-BDE2-27AC31F9E6A5}.ReleaseNative|x64.ActiveCfg = Release|Any CPU
		{03E4156C-8F07-4962-BDE2-27AC31F9E6A5}.ReleaseNative|x64.Build.0 = Release|Any CPU
		{03E4156C-8F07-4962-BDE2-27AC31F9E6A5}.ReleaseNative|x86.ActiveCfg = ReleaseNative|Any CPU
		{03E4156C-8F07-4962-BDE2-27AC31F9E6A5}.ReleaseNative|x86.Build.0 = ReleaseNative|Any CPU
		{A501F4C4-67D4-4950-B543-CA999FC199B7}.Debug|Any CPU.ActiveCfg = Debug|Any CPU
		{A501F4C4-67D4-4950-B543-CA999FC199B7}.Debug|Any CPU.Build.0 = Debug|Any CPU
		{A501F4C4-67D4-4950-B543-CA999FC199B7}.Debug|ARM.ActiveCfg = Debug|Any CPU
		{A501F4C4-67D4-4950-B543-CA999FC199B7}.Debug|ARM.Build.0 = Debug|Any CPU
		{A501F4C4-67D4-4950-B543-CA999FC199B7}.Debug|ARM64.ActiveCfg = Debug|Any CPU
		{A501F4C4-67D4-4950-B543-CA999FC199B7}.Debug|ARM64.Build.0 = Debug|Any CPU
		{A501F4C4-67D4-4950-B543-CA999FC199B7}.Debug|x64.ActiveCfg = Debug|Any CPU
		{A501F4C4-67D4-4950-B543-CA999FC199B7}.Debug|x64.Build.0 = Debug|Any CPU
		{A501F4C4-67D4-4950-B543-CA999FC199B7}.Debug|x86.ActiveCfg = Debug|Any CPU
		{A501F4C4-67D4-4950-B543-CA999FC199B7}.Debug|x86.Build.0 = Debug|Any CPU
		{A501F4C4-67D4-4950-B543-CA999FC199B7}.Release|Any CPU.ActiveCfg = Release|Any CPU
		{A501F4C4-67D4-4950-B543-CA999FC199B7}.Release|Any CPU.Build.0 = Release|Any CPU
		{A501F4C4-67D4-4950-B543-CA999FC199B7}.Release|ARM.ActiveCfg = Release|Any CPU
		{A501F4C4-67D4-4950-B543-CA999FC199B7}.Release|ARM.Build.0 = Release|Any CPU
		{A501F4C4-67D4-4950-B543-CA999FC199B7}.Release|ARM64.ActiveCfg = Release|Any CPU
		{A501F4C4-67D4-4950-B543-CA999FC199B7}.Release|ARM64.Build.0 = Release|Any CPU
		{A501F4C4-67D4-4950-B543-CA999FC199B7}.Release|x64.ActiveCfg = Release|Any CPU
		{A501F4C4-67D4-4950-B543-CA999FC199B7}.Release|x64.Build.0 = Release|Any CPU
		{A501F4C4-67D4-4950-B543-CA999FC199B7}.Release|x86.ActiveCfg = Release|Any CPU
		{A501F4C4-67D4-4950-B543-CA999FC199B7}.Release|x86.Build.0 = Release|Any CPU
		{A501F4C4-67D4-4950-B543-CA999FC199B7}.ReleaseNative|Any CPU.ActiveCfg = Release|Any CPU
		{A501F4C4-67D4-4950-B543-CA999FC199B7}.ReleaseNative|Any CPU.Build.0 = Release|Any CPU
		{A501F4C4-67D4-4950-B543-CA999FC199B7}.ReleaseNative|ARM.ActiveCfg = Release|Any CPU
		{A501F4C4-67D4-4950-B543-CA999FC199B7}.ReleaseNative|ARM.Build.0 = Release|Any CPU
		{A501F4C4-67D4-4950-B543-CA999FC199B7}.ReleaseNative|ARM64.ActiveCfg = Release|Any CPU
		{A501F4C4-67D4-4950-B543-CA999FC199B7}.ReleaseNative|ARM64.Build.0 = Release|Any CPU
		{A501F4C4-67D4-4950-B543-CA999FC199B7}.ReleaseNative|x64.ActiveCfg = Release|Any CPU
		{A501F4C4-67D4-4950-B543-CA999FC199B7}.ReleaseNative|x64.Build.0 = Release|Any CPU
		{A501F4C4-67D4-4950-B543-CA999FC199B7}.ReleaseNative|x86.ActiveCfg = Release|Any CPU
		{A501F4C4-67D4-4950-B543-CA999FC199B7}.ReleaseNative|x86.Build.0 = Release|Any CPU
	EndGlobalSection
	GlobalSection(SolutionProperties) = preSolution
		HideSolutionNode = FALSE
	EndGlobalSection
	GlobalSection(NestedProjects) = preSolution
		{C295ED98-AC93-486D-8DE4-34154E52DB80} = {1FFFF9A4-11AD-492C-8119-CDC5D7E091EE}
		{44814D40-8ED6-4609-A840-F792EC97ED87} = {1FFFF9A4-11AD-492C-8119-CDC5D7E091EE}
		{4ABD0661-F8FD-46FC-BA73-DEFED2302073} = {1FFFF9A4-11AD-492C-8119-CDC5D7E091EE}
	EndGlobalSection
	GlobalSection(ExtensibilityGlobals) = postSolution
		SolutionGuid = {6AF4AB3D-23A2-4552-9293-0D0D1B1F3938}
	EndGlobalSection
EndGlobal
